
Microsoft Visual Studio Solution File, Format Version 12.00
# Visual Studio Version 17
VisualStudioVersion = 17.13.35806.99
MinimumVisualStudioVersion = 10.0.40219.1
Project("{FAE04EC0-301F-11D3-BF4B-00C04F79EFBC}") = "WebApi", "WebApi\WebApi.csproj", "{66A68690-2CFE-403F-97FC-916F658AFF6D}"
EndProject
Project("{FAE04EC0-301F-11D3-BF4B-00C04F79EFBC}") = "WebRazorPage", "WebRazorPage\WebRazorPage.csproj", "{A14B9840-4855-4677-A6B6-8598B6E5356F}"
EndProject
Global
	GlobalSection(SolutionConfigurationPlatforms) = preSolution
		Debug|Any CPU = Debug|Any CPU
		Release|Any CPU = Release|Any CPU
	EndGlobalSection
	GlobalSection(ProjectConfigurationPlatforms) = postSolution
		{66A68690-2CFE-403F-97FC-916F658AFF6D}.Debug|Any CPU.ActiveCfg = Debug|Any CPU
		{66A68690-2CFE-403F-97FC-916F658AFF6D}.Debug|Any CPU.Build.0 = Debug|Any CPU
		{66A68690-2CFE-403F-97FC-916F658AFF6D}.Release|Any CPU.ActiveCfg = Release|Any CPU
		{66A68690-2CFE-403F-97FC-916F658AFF6D}.Release|Any CPU.Build.0 = Release|Any CPU
		{A14B9840-4855-4677-A6B6-8598B6E5356F}.Debug|Any CPU.ActiveCfg = Debug|Any CPU
		{A14B9840-4855-4677-A6B6-8598B6E5356F}.Debug|Any CPU.Build.0 = Debug|Any CPU
		{A14B9840-4855-4677-A6B6-8598B6E5356F}.Release|Any CPU.ActiveCfg = Release|Any CPU
		{A14B9840-4855-4677-A6B6-8598B6E5356F}.Release|Any CPU.Build.0 = Release|Any CPU
	EndGlobalSection
	GlobalSection(SolutionProperties) = preSolution
		HideSolutionNode = FALSE
	EndGlobalSection
	GlobalSection(ExtensibilityGlobals) = postSolution
		SolutionGuid = {C87319AF-317D-42DD-87EB-8F3ACAA79734}
	EndGlobalSection
EndGlobal
